
Microsoft Visual Studio Solution File, Format Version 12.00
# Visual Studio Version 17
VisualStudioVersion = 17.0.32112.339
MinimumVisualStudioVersion = 10.0.40219.1
Project("{FAE04EC0-301F-11D3-BF4B-00C04F79EFBC}") = "BasicalProgramsPractice", "BasicalProgramsPractice\BasicalProgramsPractice.csproj", "{6FFDE14E-5ED5-42C6-8007-850A54969200}"
EndProject
Global
	GlobalSection(SolutionConfigurationPlatforms) = preSolution
		Debug|Any CPU = Debug|Any CPU
		Release|Any CPU = Release|Any CPU
	EndGlobalSection
	GlobalSection(ProjectConfigurationPlatforms) = postSolution
		{6FFDE14E-5ED5-42C6-8007-850A54969200}.Debug|Any CPU.ActiveCfg = Debug|Any CPU
		{6FFDE14E-5ED5-42C6-8007-850A54969200}.Debug|Any CPU.Build.0 = Debug|Any CPU
		{6FFDE14E-5ED5-42C6-8007-850A54969200}.Release|Any CPU.ActiveCfg = Release|Any CPU
		{6FFDE14E-5ED5-42C6-8007-850A54969200}.Release|Any CPU.Build.0 = Release|Any CPU
	EndGlobalSection
	GlobalSection(SolutionProperties) = preSolution
		HideSolutionNode = FALSE
	EndGlobalSection
	GlobalSection(ExtensibilityGlobals) = postSolution
		SolutionGuid = {C93839A3-0228-457A-9258-CA93834A9F6C}
	EndGlobalSection
EndGlobal
